<?xml version="1.0" encoding="UTF-8" standalone="yes" ?>
<CodeBlocks_project_file>
	<FileVersion major="1" minor="6" />
	<Project>
		<Option title="sndctl" />
		<Option makefile="/home/rainer/develop/vdr-1.6.0/PLUGINS/src/sndctl/Makefile" />
		<Option makefile_is_custom="1" />
		<Option pch_mode="2" />
		<Option compiler="gcc" />
		<Build>
			<Target title="all">
				<Option output="/home/rainer/develop/vdr-1.6.0/vdr" prefix_auto="1" extension_auto="1" />
				<Option working_dir="/home/rainer/develop/vdr-1.6.0" />
				<Option type="1" />
				<Option compiler="gcc" />
				<Option use_console_runner="0" />
				<Option parameters=' -P sndctl -P &quot;xineliboutput --local=none --primary --remote=127.0.0.1:37890&quot;' />
				<Option host_application="vdr" />
			</Target>
		</Build>
		<VirtualTargets>
			<Add alias="run" targets="all;" />
		</VirtualTargets>
		<Compiler>
			<Add option="-Wall" />
		</Compiler>
		<Unit filename="alsa.c">
			<Option compilerVar="CC" />
		</Unit>
		<Unit filename="alsa.h" />
		<Unit filename="defaults.h" />
		<Unit filename="i18n.c">
			<Option compilerVar="CC" />
		</Unit>
		<Unit filename="i18n.h" />
		<Unit filename="mainmenu.c">
			<Option compilerVar="CC" />
		</Unit>
		<Unit filename="mainmenu.h" />
		<Unit filename="menuitems.c">
			<Option compilerVar="CC" />
		</Unit>
		<Unit filename="menuitems.h" />
		<Unit filename="mixer.c">
			<Option compilerVar="CC" />
		</Unit>
		<Unit filename="mixer.h" />
		<Unit filename="setup.c">
			<Option compilerVar="CC" />
		</Unit>
		<Unit filename="setup.h" />
		<Unit filename="setupmenu.c">
			<Option compilerVar="CC" />
		</Unit>
		<Unit filename="setupmenu.h" />
		<Unit filename="sndctl.c">
			<Option compilerVar="CC" />
		</Unit>
		<Unit filename="sndctl.h" />
		<Unit filename="soundman.c">
			<Option compilerVar="CC" />
		</Unit>
		<Unit filename="soundman.h" />
		<Unit filename="soundset.c">
			<Option compilerVar="CC" />
		</Unit>
		<Unit filename="soundset.h" />
		<Unit filename="soundsetmenu.c">
			<Option compilerVar="CC" />
		</Unit>
		<Unit filename="soundsetmenu.h" />
		<Unit filename="status.c">
			<Option compilerVar="CC" />
		</Unit>
		<Unit filename="status.h" />
		<Extensions>
			<code_completion />
			<debugger />
		</Extensions>
	</Project>
</CodeBlocks_project_file>
